// !$*UTF8*$!
{
	archiveVersion = 1;
	classes = {
	};
	objectVersion = 77;
	objects = {

/* Begin PBXContainerItemProxy section */
		ED748DB42DE6EA0700F87A37 /* PBXContainerItemProxy */ = {
			isa = PBXContainerItemProxy;
			containerPortal = ED748D972DE6EA0600F87A37 /* Project object */;
			proxyType = 1;
			remoteGlobalIDString = ED748D9E2DE6EA0600F87A37;
			remoteInfo = medimo;
		};
		ED748DBE2DE6EA0700F87A37 /* PBXContainerItemProxy */ = {
			isa = PBXContainerItemProxy;
			containerPortal = ED748D972DE6EA0600F87A37 /* Project object */;
			proxyType = 1;
			remoteGlobalIDString = ED748D9E2DE6EA0600F87A37;
			remoteInfo = medimo;
		};
/* End PBXContainerItemProxy section */

/* Begin PBXFileReference section */
		ED748D9F2DE6EA0600F87A37 /* medimo.app */ = {isa = PBXFileReference; explicitFileType = wrapper.application; includeInIndex = 0; path = medimo.app; sourceTree = BUILT_PRODUCTS_DIR; };
		ED748DB32DE6EA0700F87A37 /* medimoTests.xctest */ = {isa = PBXFileReference; explicitFileType = wrapper.cfbundle; includeInIndex = 0; path = medimoTests.xctest; sourceTree = BUILT_PRODUCTS_DIR; };
		ED748DBD2DE6EA0700F87A37 /* medimoUITests.xctest */ = {isa = PBXFileReference; explicitFileType = wrapper.cfbundle; includeInIndex = 0; path = medimoUITests.xctest; sourceTree = BUILT_PRODUCTS_DIR; };
/* End PBXFileReference section */

/* Begin PBXFileSystemSynchronizedBuildFileExceptionSet section */
		ED748DC52DE6EA0700F87A37 /* Exceptions for "medimo" folder in "medimo" target */ = {
			isa = PBXFileSystemSynchronizedBuildFileExceptionSet;
			membershipExceptions = (
				Info.plist,
			);
			target = ED748D9E2DE6EA0600F87A37 /* medimo */;
		};
/* End PBXFileSystemSynchronizedBuildFileExceptionSet section */

/* Begin PBXFileSystemSynchronizedRootGroup section */
		ED748DA12DE6EA0600F87A37 /* medimo */ = {
			isa = PBXFileSystemSynchronizedRootGroup;
			exceptions = (
				ED748DC52DE6EA0700F87A37 /* Exceptions for "medimo" folder in "medimo" target */,
			);
			path = medimo;
			sourceTree = "<group>";
		};
		ED748DB62DE6EA0700F87A37 /* medimoTests */ = {
			isa = PBXFileSystemSynchronizedRootGroup;
			path = medimoTests;
			sourceTree = "<group>";
		};
		ED748DC02DE6EA0700F87A37 /* medimoUITests */ = {
			isa = PBXFileSystemSynchronizedRootGroup;
			path = medimoUITests;
			sourceTree = "<group>";
		};
/* End PBXFileSystemSynchronizedRootGroup section */

/* Begin PBXFrameworksBuildPhase section */
		ED748D9C2DE6EA0600F87A37 /* Frameworks */ = {
			isa = PBXFrameworksBuildPhase;
			buildActionMask = 2147483647;
			files = (
			);
			runOnlyForDeploymentPostprocessing = 0;
		};
		ED748DB02DE6EA0700F87A37 /* Frameworks */ = {
			isa = PBXFrameworksBuildPhase;
			buildActionMask = 2147483647;
			files = (
			);
			runOnlyForDeploymentPostprocessing = 0;
		};
		ED748DBA2DE6EA0700F87A37 /* Frameworks */ = {
			isa = PBXFrameworksBuildPhase;
			buildActionMask = 2147483647;
			files = (
			);
			runOnlyForDeploymentPostprocessing = 0;
		};
/* End PBXFrameworksBuildPhase section */

/* Begin PBXGroup section */
		ED748D962DE6EA0600F87A37 = {
			isa = PBXGroup;
			children = (
				ED748DA12DE6EA0600F87A37 /* medimo */,
				ED748DB62DE6EA0700F87A37 /* medimoTests */,
				ED748DC02DE6EA0700F87A37 /* medimoUITests */,
				ED748DA02DE6EA0600F87A37 /* Products */,
			);
			sourceTree = "<group>";
		};
		ED748DA02DE6EA0600F87A37 /* Products */ = {
			isa = PBXGroup;
			children = (
				ED748D9F2DE6EA0600F87A37 /* medimo.app */,
				ED748DB32DE6EA0700F87A37 /* medimoTests.xctest */,
				ED748DBD2DE6EA0700F87A37 /* medimoUITests.xctest */,
			);
			name = Products;
			sourceTree = "<group>";
		};
/* End PBXGroup section */

/* Begin PBXNativeTarget section */
		ED748D9E2DE6EA0600F87A37 /* medimo */ = {
			isa = PBXNativeTarget;
			buildConfigurationList = ED748DC62DE6EA0700F87A37 /* Build configuration list for PBXNativeTarget "medimo" */;
			buildPhases = (
				ED748D9B2DE6EA0600F87A37 /* Sources */,
				ED748D9C2DE6EA0600F87A37 /* Frameworks */,
				ED748D9D2DE6EA0600F87A37 /* Resources */,
			);
			buildRules = (
			);
			dependencies = (
			);
			fileSystemSynchronizedGroups = (
				ED748DA12DE6EA0600F87A37 /* medimo */,
			);
			name = medimo;
			packageProductDependencies = (
			);
			productName = medimo;
			productReference = ED748D9F2DE6EA0600F87A37 /* medimo.app */;
			productType = "com.apple.product-type.application";
		};
		ED748DB22DE6EA0700F87A37 /* medimoTests */ = {
			isa = PBXNativeTarget;
			buildConfigurationList = ED748DCB2DE6EA0700F87A37 /* Build configuration list for PBXNativeTarget "medimoTests" */;
			buildPhases = (
				ED748DAF2DE6EA0700F87A37 /* Sources */,
				ED748DB02DE6EA0700F87A37 /* Frameworks */,
				ED748DB12DE6EA0700F87A37 /* Resources */,
			);
			buildRules = (
			);
			dependencies = (
				ED748DB52DE6EA0700F87A37 /* PBXTargetDependency */,
			);
			fileSystemSynchronizedGroups = (
				ED748DB62DE6EA0700F87A37 /* medimoTests */,
			);
			name = medimoTests;
			packageProductDependencies = (
			);
			productName = medimoTests;
			productReference = ED748DB32DE6EA0700F87A37 /* medimoTests.xctest */;
			productType = "com.apple.product-type.bundle.unit-test";
		};
		ED748DBC2DE6EA0700F87A37 /* medimoUITests */ = {
			isa = PBXNativeTarget;
			buildConfigurationList = ED748DCE2DE6EA0700F87A37 /* Build configuration list for PBXNativeTarget "medimoUITests" */;
			buildPhases = (
				ED748DB92DE6EA0700F87A37 /* Sources */,
				ED748DBA2DE6EA0700F87A37 /* Frameworks */,
				ED748DBB2DE6EA0700F87A37 /* Resources */,
			);
			buildRules = (
			);
			dependencies = (
				ED748DBF2DE6EA0700F87A37 /* PBXTargetDependency */,
			);
			fileSystemSynchronizedGroups = (
				ED748DC02DE6EA0700F87A37 /* medimoUITests */,
			);
			name = medimoUITests;
			packageProductDependencies = (
			);
			productName = medimoUITests;
			productReference = ED748DBD2DE6EA0700F87A37 /* medimoUITests.xctest */;
			productType = "com.apple.product-type.bundle.ui-testing";
		};
/* End PBXNativeTarget section */

/* Begin PBXProject section */
		ED748D972DE6EA0600F87A37 /* Project object */ = {
			isa = PBXProject;
			attributes = {
				BuildIndependentTargetsInParallel = 1;
				LastSwiftUpdateCheck = 1620;
				LastUpgradeCheck = 1620;
				TargetAttributes = {
					ED748D9E2DE6EA0600F87A37 = {
						CreatedOnToolsVersion = 16.2;
					};
					ED748DB22DE6EA0700F87A37 = {
						CreatedOnToolsVersion = 16.2;
						TestTargetID = ED748D9E2DE6EA0600F87A37;
					};
					ED748DBC2DE6EA0700F87A37 = {
						CreatedOnToolsVersion = 16.2;
						TestTargetID = ED748D9E2DE6EA0600F87A37;
					};
				};
			};
			buildConfigurationList = ED748D9A2DE6EA0600F87A37 /* Build configuration list for PBXProject "medimo" */;
			developmentRegion = en;
			hasScannedForEncodings = 0;
			knownRegions = (
				en,
				Base,
			);
			mainGroup = ED748D962DE6EA0600F87A37;
			minimizedProjectReferenceProxies = 1;
			preferredProjectObjectVersion = 77;
			productRefGroup = ED748DA02DE6EA0600F87A37 /* Products */;
			projectDirPath = "";
			projectRoot = "";
			targets = (
				ED748D9E2DE6EA0600F87A37 /* medimo */,
				ED748DB22DE6EA0700F87A37 /* medimoTests */,
				ED748DBC2DE6EA0700F87A37 /* medimoUITests */,
			);
		};
/* End PBXProject section */

/* Begin PBXResourcesBuildPhase section */
		ED748D9D2DE6EA0600F87A37 /* Resources */ = {
			isa = PBXResourcesBuildPhase;
			buildActionMask = 2147483647;
			files = (
			);
			runOnlyForDeploymentPostprocessing = 0;
		};
		ED748DB12DE6EA0700F87A37 /* Resources */ = {
			isa = PBXResourcesBuildPhase;
			buildActionMask = 2147483647;
			files = (
			);
			runOnlyForDeploymentPostprocessing = 0;
		};
		ED748DBB2DE6EA0700F87A37 /* Resources */ = {
			isa = PBXResourcesBuildPhase;
			buildActionMask = 2147483647;
			files = (
			);
			runOnlyForDeploymentPostprocessing = 0;
		};
/* End PBXResourcesBuildPhase section */

/* Begin PBXSourcesBuildPhase section */
		ED748D9B2DE6EA0600F87A37 /* Sources */ = {
			isa = PBXSourcesBuildPhase;
			buildActionMask = 2147483647;
			files = (
			);
			runOnlyForDeploymentPostprocessing = 0;
		};
		ED748DAF2DE6EA0700F87A37 /* Sources */ = {
			isa = PBXSourcesBuildPhase;
			buildActionMask = 2147483647;
			files = (
			);
			runOnlyForDeploymentPostprocessing = 0;
		};
		ED748DB92DE6EA0700F87A37 /* Sources */ = {
			isa = PBXSourcesBuildPhase;
			buildActionMask = 2147483647;
			files = (
			);
			runOnlyForDeploymentPostprocessing = 0;
		};
/* End PBXSourcesBuildPhase section */

/* Begin PBXTargetDependency section */
		ED748DB52DE6EA0700F87A37 /* PBXTargetDependency */ = {
			isa = PBXTargetDependency;
			target = ED748D9E2DE6EA0600F87A37 /* medimo */;
			targetProxy = ED748DB42DE6EA0700F87A37 /* PBXContainerItemProxy */;
		};
		ED748DBF2DE6EA0700F87A37 /* PBXTargetDependency */ = {
			isa = PBXTargetDependency;
			target = ED748D9E2DE6EA0600F87A37 /* medimo */;
			targetProxy = ED748DBE2DE6EA0700F87A37 /* PBXContainerItemProxy */;
		};
/* End PBXTargetDependency section */

/* Begin XCBuildConfiguration section */
		ED748DC72DE6EA0700F87A37 /* Debug */ = {
			isa = XCBuildConfiguration;
			buildSettings = {
				ASSETCATALOG_COMPILER_APPICON_NAME = AppIcon;
				ASSETCATALOG_COMPILER_GLOBAL_ACCENT_COLOR_NAME = AccentColor;
				CODE_SIGN_ENTITLEMENTS = medimo/medimo.entitlements;
				CODE_SIGN_STYLE = Automatic;
				CURRENT_PROJECT_VERSION = 1;
				DEVELOPMENT_ASSET_PATHS = "\"medimo/Preview Content\"";
				DEVELOPMENT_TEAM = 9ZMW52M7L5;
				ENABLE_PREVIEWS = YES;
				GENERATE_INFOPLIST_FILE = YES;
				INFOPLIST_FILE = medimo/Info.plist;
				INFOPLIST_KEY_UIApplicationSceneManifest_Generation = YES;
				INFOPLIST_KEY_UIApplicationSupportsIndirectInputEvents = YES;
				INFOPLIST_KEY_UILaunchScreen_Generation = YES;
				INFOPLIST_KEY_UISupportedInterfaceOrientations_iPad = "UIInterfaceOrientationPortrait UIInterfaceOrientationPortraitUpsideDown UIInterfaceOrientationLandscapeLeft UIInterfaceOrientationLandscapeRight";
				INFOPLIST_KEY_UISupportedInterfaceOrientations_iPhone = "UIInterfaceOrientationPortrait UIInterfaceOrientationLandscapeLeft UIInterfaceOrientationLandscapeRight";
				LD_RUNPATH_SEARCH_PATHS = (
					"$(inherited)",
					"@executable_path/Frameworks",
				);
				MARKETING_VERSION = 1.0;
				PRODUCT_BUNDLE_IDENTIFIER = org.nulls.medimo;
				PRODUCT_NAME = "$(TARGET_NAME)";
				SWIFT_EMIT_LOC_STRINGS = YES;
				SWIFT_VERSION = 5.0;
				TARGETED_DEVICE_FAMILY = "1,2";
			};
			name = Debug;
		};
		ED748DC82DE6EA0700F87A37 /* Release */ = {
			isa = XCBuildConfiguration;
			buildSettings = {
				ASSETCATALOG_COMPILER_APPICON_NAME = AppIcon;
				ASSETCATALOG_COMPILER_GLOBAL_ACCENT_COLOR_NAME = AccentColor;
				CODE_SIGN_ENTITLEMENTS = medimo/medimo.entitlements;
				CODE_SIGN_STYLE = Automatic;
				CURRENT_PROJECT_VERSION = 1;
				DEVELOPMENT_ASSET_PATHS = "\"medimo/Preview Content\"";
				DEVELOPMENT_TEAM = 9ZMW52M7L5;
				ENABLE_PREVIEWS = YES;
				GENERATE_INFOPLIST_FILE = YES;
				INFOPLIST_FILE = medimo/Info.plist;
				INFOPLIST_KEY_UIApplicationSceneManifest_Generation = YES;
				INFOPLIST_KEY_UIApplicationSupportsIndirectInputEvents = YES;
				INFOPLIST_KEY_UILaunchScreen_Generation = YES;
				INFOPLIST_KEY_UISupportedInterfaceOrientations_iPad = "UIInterfaceOrientationPortrait UIInterfaceOrientationPortraitUpsideDown UIInterfaceOrientationLandscapeLeft UIInterfaceOrientationLandscapeRight";
				INFOPLIST_KEY_UISupportedInterfaceOrientations_iPhone = "UIInterfaceOrientationPortrait UIInterfaceOrientationLandscapeLeft UIInterfaceOrientationLandscapeRight";
				LD_RUNPATH_SEARCH_PATHS = (
					"$(inherited)",
					"@executable_path/Frameworks",
				);
				MARKETING_VERSION = 1.0;
				PRODUCT_BUNDLE_IDENTIFIER = org.nulls.medimo;
				PRODUCT_NAME = "$(TARGET_NAME)";
				SWIFT_EMIT_LOC_STRINGS = YES;
				SWIFT_VERSION = 5.0;
				TARGETED_DEVICE_FAMILY = "1,2";
			};
			name = Release;
		};
		ED748DC92DE6EA0700F87A37 /* Debug */ = {
			isa = XCBuildConfiguration;
			buildSettings = {
				ALWAYS_SEARCH_USER_PATHS = NO;
				ASSETCATALOG_COMPILER_GENERATE_SWIFT_ASSET_SYMBOL_EXTENSIONS = YES;
				CLANG_ANALYZER_NONNULL = YES;
				CLANG_ANALYZER_NUMBER_OBJECT_CONVERSION = YES_AGGRESSIVE;
				CLANG_CXX_LANGUAGE_STANDARD = "gnu++20";
				CLANG_ENABLE_MODULES = YES;
				CLANG_ENABLE_OBJC_ARC = YES;
				CLANG_ENABLE_OBJC_WEAK = YES;
				CLANG_WARN_BLOCK_CAPTURE_AUTORELEASING = YES;
				CLANG_WARN_BOOL_CONVERSION = YES;
				CLANG_WARN_COMMA = YES;
				CLANG_WARN_CONSTANT_CONVERSION = YES;
				CLANG_WARN_DEPRECATED_OBJC_IMPLEMENTATIONS = YES;
				CLANG_WARN_DIRECT_OBJC_ISA_USAGE = YES_ERROR;
				CLANG_WARN_DOCUMENTATION_COMMENTS = YES;
				CLANG_WARN_EMPTY_BODY = YES;
				CLANG_WARN_ENUM_CONVERSION = YES;
				CLANG_WARN_INFINITE_RECURSION = YES;
				CLANG_WARN_INT_CONVERSION = YES;
				CLANG_WARN_NON_LITERAL_NULL_CONVERSION = YES;
				CLANG_WARN_OBJC_IMPLICIT_RETAIN_SELF = YES;
				CLANG_WARN_OBJC_LITERAL_CONVERSION = YES;
				CLANG_WARN_OBJC_ROOT_CLASS = YES_ERROR;
				CLANG_WARN_QUOTED_INCLUDE_IN_FRAMEWORK_HEADER = YES;
				CLANG_WARN_RANGE_LOOP_ANALYSIS = YES;
				CLANG_WARN_STRICT_PROTOTYPES = YES;
				CLANG_WARN_SUSPICIOUS_MOVE = YES;
				CLANG_WARN_UNGUARDED_AVAILABILITY = YES_AGGRESSIVE;
				CLANG_WARN_UNREACHABLE_CODE = YES;
				CLANG_WARN__DUPLICATE_METHOD_MATCH = YES;
				COPY_PHASE_STRIP = NO;
				DEBUG_INFORMATION_FORMAT = dwarf;
				ENABLE_STRICT_OBJC_MSGSEND = YES;
				ENABLE_TESTABILITY = YES;
				ENABLE_USER_SCRIPT_SANDBOXING = YES;
				GCC_C_LANGUAGE_STANDARD = gnu17;
				GCC_DYNAMIC_NO_PIC = NO;
				GCC_NO_COMMON_BLOCKS = YES;
				GCC_OPTIMIZATION_LEVEL = 0;
				GCC_PREPROCESSOR_DEFINITIONS = (
					"DEBUG=1",
					"$(inherited)",
				);
				GCC_WARN_64_TO_32_BIT_CONVERSION = YES;
				GCC_WARN_ABOUT_RETURN_TYPE = YES_ERROR;
				GCC_WARN_UNDECLARED_SELECTOR = YES;
				GCC_WARN_UNINITIALIZED_AUTOS = YES_AGGRESSIVE;
				GCC_WARN_UNUSED_FUNCTION = YES;
				GCC_WARN_UNUSED_VARIABLE = YES;
				IPHONEOS_DEPLOYMENT_TARGET = 18.2;
				LOCALIZATION_PREFERS_STRING_CATALOGS = YES;
				MTL_ENABLE_DEBUG_INFO = INCLUDE_SOURCE;
				MTL_FAST_MATH = YES;
				ONLY_ACTIVE_ARCH = YES;
				SDKROOT = iphoneos;
				SWIFT_ACTIVE_COMPILATION_CONDITIONS = "DEBUG $(inherited)";
				SWIFT_OPTIMIZATION_LEVEL = "-Onone";
			};
			name = Debug;
		};
		ED748DCA2DE6EA0700F87A37 /* Release */ = {
			isa = XCBuildConfiguration;
			buildSettings = {
				ALWAYS_SEARCH_USER_PATHS = NO;
				ASSETCATALOG_COMPILER_GENERATE_SWIFT_ASSET_SYMBOL_EXTENSIONS = YES;
				CLANG_ANALYZER_NONNULL = YES;
				CLANG_ANALYZER_NUMBER_OBJECT_CONVERSION = YES_AGGRESSIVE;
				CLANG_CXX_LANGUAGE_STANDARD = "gnu++20";
				CLANG_ENABLE_MODULES = YES;
				CLANG_ENABLE_OBJC_ARC = YES;
				CLANG_ENABLE_OBJC_WEAK = YES;
				CLANG_WARN_BLOCK_CAPTURE_AUTORELEASING = YES;
				CLANG_WARN_BOOL_CONVERSION = YES;
				CLANG_WARN_COMMA = YES;
				CLANG_WARN_CONSTANT_CONVERSION = YES;
				CLANG_WARN_DEPRECATED_OBJC_IMPLEMENTATIONS = YES;
				CLANG_WARN_DIRECT_OBJC_ISA_USAGE = YES_ERROR;
				CLANG_WARN_DOCUMENTATION_COMMENTS = YES;
				CLANG_WARN_EMPTY_BODY = YES;
				CLANG_WARN_ENUM_CONVERSION = YES;
				CLANG_WARN_INFINITE_RECURSION = YES;
				CLANG_WARN_INT_CONVERSION = YES;
				CLANG_WARN_NON_LITERAL_NULL_CONVERSION = YES;
				CLANG_WARN_OBJC_IMPLICIT_RETAIN_SELF = YES;
				CLANG_WARN_OBJC_LITERAL_CONVERSION = YES;
				CLANG_WARN_OBJC_ROOT_CLASS = YES_ERROR;
				CLANG_WARN_QUOTED_INCLUDE_IN_FRAMEWORK_HEADER = YES;
				CLANG_WARN_RANGE_LOOP_ANALYSIS = YES;
				CLANG_WARN_STRICT_PROTOTYPES = YES;
				CLANG_WARN_SUSPICIOUS_MOVE = YES;
				CLANG_WARN_UNGUARDED_AVAILABILITY = YES_AGGRESSIVE;
				CLANG_WARN_UNREACHABLE_CODE = YES;
				CLANG_WARN__DUPLICATE_METHOD_MATCH = YES;
				COPY_PHASE_STRIP = NO;
				DEBUG_INFORMATION_FORMAT = "dwarf-with-dsym";
				ENABLE_NS_ASSERTIONS = NO;
				ENABLE_STRICT_OBJC_MSGSEND = YES;
				ENABLE_USER_SCRIPT_SANDBOXING = YES;
				GCC_C_LANGUAGE_STANDARD = gnu17;
				GCC_NO_COMMON_BLOCKS = YES;
				GCC_WARN_64_TO_32_BIT_CONVERSION = YES;
				GCC_WARN_ABOUT_RETURN_TYPE = YES_ERROR;
				GCC_WARN_UNDECLARED_SELECTOR = YES;
				GCC_WARN_UNINITIALIZED_AUTOS = YES_AGGRESSIVE;
				GCC_WARN_UNUSED_FUNCTION = YES;
				GCC_WARN_UNUSED_VARIABLE = YES;
				IPHONEOS_DEPLOYMENT_TARGET = 18.2;
				LOCALIZATION_PREFERS_STRING_CATALOGS = YES;
				MTL_ENABLE_DEBUG_INFO = NO;
				MTL_FAST_MATH = YES;
				SDKROOT = iphoneos;
				SWIFT_COMPILATION_MODE = wholemodule;
				VALIDATE_PRODUCT = YES;
			};
			name = Release;
		};
		ED748DCC2DE6EA0700F87A37 /* Debug */ = {
			isa = XCBuildConfiguration;
			buildSettings = {
				BUNDLE_LOADER = "$(TEST_HOST)";
				CODE_SIGN_STYLE = Automatic;
				CURRENT_PROJECT_VERSION = 1;
				DEVELOPMENT_TEAM = 9ZMW52M7L5;
				GENERATE_INFOPLIST_FILE = YES;
				IPHONEOS_DEPLOYMENT_TARGET = 18.2;
				MARKETING_VERSION = 1.0;
				PRODUCT_BUNDLE_IDENTIFIER = org.nulls.medimoTests;
				PRODUCT_NAME = "$(TARGET_NAME)";
				SWIFT_EMIT_LOC_STRINGS = NO;
				SWIFT_VERSION = 5.0;
				TARGETED_DEVICE_FAMILY = "1,2";
				TEST_HOST = "$(BUILT_PRODUCTS_DIR)/medimo.app/$(BUNDLE_EXECUTABLE_FOLDER_PATH)/medimo";
			};
			name = Debug;
		};
		ED748DCD2DE6EA0700F87A37 /* Release */ = {
			isa = XCBuildConfiguration;
			buildSettings = {
				BUNDLE_LOADER = "$(TEST_HOST)";
				CODE_SIGN_STYLE = Automatic;
				CURRENT_PROJECT_VERSION = 1;
				DEVELOPMENT_TEAM = 9ZMW52M7L5;
				GENERATE_INFOPLIST_FILE = YES;
				IPHONEOS_DEPLOYMENT_TARGET = 18.2;
				MARKETING_VERSION = 1.0;
				PRODUCT_BUNDLE_IDENTIFIER = org.nulls.medimoTests;
				PRODUCT_NAME = "$(TARGET_NAME)";
				SWIFT_EMIT_LOC_STRINGS = NO;
				SWIFT_VERSION = 5.0;
				TARGETED_DEVICE_FAMILY = "1,2";
				TEST_HOST = "$(BUILT_PRODUCTS_DIR)/medimo.app/$(BUNDLE_EXECUTABLE_FOLDER_PATH)/medimo";
			};
			name = Release;
		};
		ED748DCF2DE6EA0700F87A37 /* Debug */ = {
			isa = XCBuildConfiguration;
			buildSettings = {
				CODE_SIGN_STYLE = Automatic;
				CURRENT_PROJECT_VERSION = 1;
				DEVELOPMENT_TEAM = 9ZMW52M7L5;
				GENERATE_INFOPLIST_FILE = YES;
				MARKETING_VERSION = 1.0;
				PRODUCT_BUNDLE_IDENTIFIER = org.nulls.medimoUITests;
				PRODUCT_NAME = "$(TARGET_NAME)";
				SWIFT_EMIT_LOC_STRINGS = NO;
				SWIFT_VERSION = 5.0;
				TARGETED_DEVICE_FAMILY = "1,2";
				TEST_TARGET_NAME = medimo;
			};
			name = Debug;
		};
		ED748DD02DE6EA0700F87A37 /* Release */ = {
			isa = XCBuildConfiguration;
			buildSettings = {
				CODE_SIGN_STYLE = Automatic;
				CURRENT_PROJECT_VERSION = 1;
				DEVELOPMENT_TEAM = 9ZMW52M7L5;
				GENERATE_INFOPLIST_FILE = YES;
				MARKETING_VERSION = 1.0;
				PRODUCT_BUNDLE_IDENTIFIER = org.nulls.medimoUITests;
				PRODUCT_NAME = "$(TARGET_NAME)";
				SWIFT_EMIT_LOC_STRINGS = NO;
				SWIFT_VERSION = 5.0;
				TARGETED_DEVICE_FAMILY = "1,2";
				TEST_TARGET_NAME = medimo;
			};
			name = Release;
		};
/* End XCBuildConfiguration section */

/* Begin XCConfigurationList section */
		ED748D9A2DE6EA0600F87A37 /* Build configuration list for PBXProject "medimo" */ = {
			isa = XCConfigurationList;
			buildConfigurations = (
				ED748DC92DE6EA0700F87A37 /* Debug */,
				ED748DCA2DE6EA0700F87A37 /* Release */,
			);
			defaultConfigurationIsVisible = 0;
			defaultConfigurationName = Release;
		};
		ED748DC62DE6EA0700F87A37 /* Build configuration list for PBXNativeTarget "medimo" */ = {
			isa = XCConfigurationList;
			buildConfigurations = (
				ED748DC72DE6EA0700F87A37 /* Debug */,
				ED748DC82DE6EA0700F87A37 /* Release */,
			);
			defaultConfigurationIsVisible = 0;
			defaultConfigurationName = Release;
		};
		ED748DCB2DE6EA0700F87A37 /* Build configuration list for PBXNativeTarget "medimoTests" */ = {
			isa = XCConfigurationList;
			buildConfigurations = (
				ED748DCC2DE6EA0700F87A37 /* Debug */,
				ED748DCD2DE6EA0700F87A37 /* Release */,
			);
			defaultConfigurationIsVisible = 0;
			defaultConfigurationName = Release;
		};
		ED748DCE2DE6EA0700F87A37 /* Build configuration list for PBXNativeTarget "medimoUITests" */ = {
			isa = XCConfigurationList;
			buildConfigurations = (
				ED748DCF2DE6EA0700F87A37 /* Debug */,
				ED748DD02DE6EA0700F87A37 /* Release */,
			);
			defaultConfigurationIsVisible = 0;
			defaultConfigurationName = Release;
		};
/* End XCConfigurationList section */
	};
	rootObject = ED748D972DE6EA0600F87A37 /* Project object */;
}
